filippo.io/edwards25519 v1.1.0 h1:FNf4tywRC1HmFuKW5xopWpigGjJKiJSV0Cqo0cJWDaA=
filippo.io/edwards25519 v1.1.0/go.mod h1:BxyFTGdWcka3PhytdK4V28tE5sGfRvvvRV7EaN4VDT4=
github.com/go-sql-driver/mysql v1.8.1 h1:LedoTUt/eveggdHS9qUFC1EFSa8bU2+1pZjSRpvNJ1Y=
github.com/go-sql-driver/mysql v1.8.1/go.mod h1:wEBSXgmK//2ZFJyE+qWnIsVGmvmEKlqwuVSjsCm7DZg=
github.com/koykov/bitset v1.0.0 h1:2mEbAhKelhpdWqnpa+mR3HRhdMsto5od7ACOi6MIAmk=
github.com/koykov/bitset v1.0.0/go.mod h1:DVR3bH49c1oOcNtD38h+aQq7lp1ZY91cXmjOldlTk8A=
github.com/koykov/bytealg v1.0.4 h1:V73+6bzPyEME8qNvIGm1nFnwWQ9X1hE9y96OqEFtXak=
github.com/koykov/bytealg v1.0.4/go.mod h1:hKrpKHsfJ7aeSOOcmSqGnEfC//2rfMmQt2OugvJxy9s=
github.com/koykov/byteconv v1.0.0 h1:C8NThxj3Vcmv7f1h384Ti7F9zjVDnOy9AZj9KxTaYqM=
github.com/koykov/byteconv v1.0.0/go.mod h1:viZknv/akQJrXOQS3bZu2U7TE+gjA03LFQpSsRExZR4=
github.com/koykov/byteseq v1.0.1 h1:PbsGtxkUnvrqlwnjNxnRq5FDIvLXJg5CcN9yRuSQY7A=
github.com/koykov/byteseq v1.0.1/go.mod h1:JlIJ6P3/ocuGNRbTVyP0NVRS/ExofhOS8g7mtefjefw=
github.com/koykov/entry v1.0.2 h1:6mZJUt4POGQHRPJ9Iw4GyIZJi9wj2lews3yRRNHfTY4=
github.com/koykov/entry v1.0.2/go.mod h1:WmCy/YM0sPb4ETL9wYY0OJwO89KJ7qeQPGOwLUG4rZU=
github.com/koykov/indirect v1.0.1 h1:1veVipIWBeklFHMvzuwhL82X5eDaJzN+hPeVGRvu22Y=
github.com/koykov/indirect v1.0.1/go.mod h1:2qWC0hrIHIexlKaqPA0VWEa0s2V/qxxNJv7XPncnh2I=
github.com/koykov/traceID v1.0.2 h1:CtfM6BJRlxndjO+rGtzjQkvcmgh2PGuG5KsU1xZXxCU=
github.com/koykov/traceID v1.0.2/go.mod h1:aKvg5zcOLklAnoueSLkkQixYZMkkD5lRzUQLGrMc498=
github.com/koykov/tracemod/zeromq v0.0.0-20240716210642-77f49e5515cb h1:cDKm20EEM6aeFPRKCZyo5albz9TUfQGU9d4Q6j8JhKo=
github.com/koykov/tracemod/zeromq v0.0.0-20240716210642-77f49e5515cb/go.mod h1:+P2juLhuWwT8zV/KLM7iTzXbwL7V8TIimy7KdzeN/sM=
github.com/koykov/x2bytes v1.0.2 h1:AISrs+8qfGLb/0RntRdbg1F/ahha3KrFcNledLBbLgA=
github.com/koykov/x2bytes v1.0.2/go.mod h1:0fbvyQAm3RAiTOE/NT0Dg3ZXL9EQiYpyrp5wZyoz11Q=
github.com/lib/pq v1.10.9 h1:YXG7RB+JIjhP29X+OtkiDnYaXQwpS4JEWq7dtCCRUEw=
github.com/lib/pq v1.10.9/go.mod h1:AlVN5x4E4T544tWzH6hKfbfQvm3HdbOxrmggDNAPY9o=
github.com/pebbe/zmq4 v1.2.11 h1:Ua5mgIaZeabUGnH7tqswkUcjkL7JYGai5e8v4hpEU9Q=
github.com/pebbe/zmq4 v1.2.11/go.mod h1:nqnPueOapVhE2wItZ0uOErngczsJdLOGkebMxaO8r48=
