github.com/go-sql-driver/mysql v1.6.0 h1:BCTh4TKNUYmOmMUcQ3IipzF5prigylS7XXjEkfCHuOE=
github.com/go-sql-driver/mysql v1.6.0/go.mod h1:DCzpHaOWr8IXmIStZouvnhqoel9Qv2LBy8hT2VhHyBg=
github.com/koykov/bytealg v0.0.0-20220217215334-551fdcce9d6c h1:PZOnhT2xFr/MY3V/BKgBZB1P7o9kUpX8lsmZmSgDKcw=
github.com/koykov/bytealg v0.0.0-20220217215334-551fdcce9d6c/go.mod h1:GsRL37HNnRhJ5Igs0WV7sIVWo8R7qBB9KJh6wzVUFe0=
github.com/koykov/entry v0.0.0-20220113212913-c30c9b7ad1e6 h1:htAQsjCeHfHjRpHUKPfqeictcW2/aZXiVJbfF6tejwk=
github.com/koykov/entry v0.0.0-20220113212913-c30c9b7ad1e6/go.mod h1:WmCy/YM0sPb4ETL9wYY0OJwO89KJ7qeQPGOwLUG4rZU=
github.com/koykov/fastconv v0.0.0-20211028200057-f6897ace3bc2 h1:jIlvXIudUQ6ER2y/oExe8Qa3lnZ+6C0BpPthjfDhxvs=
github.com/koykov/fastconv v0.0.0-20211028200057-f6897ace3bc2/go.mod h1:JXdtdh0aCcSmxLsVUoYP61lmxpL6dWOXEKxCIR+MlGg=
github.com/koykov/traceID v0.0.0-20220226203407-e4915fb357e9 h1:Kk6yhkOWIlX+OPjJguaAWAx6QoP+8pgmz3miKDU57x8=
github.com/koykov/traceID v0.0.0-20220226203407-e4915fb357e9/go.mod h1:rpyA5bz5PzDmKiBADE5J0vqr7FtbvJj/FZZPIlxt3qQ=
github.com/lib/pq v1.10.4 h1:SO9z7FRPzA03QhHKJrH5BXA6HU1rS4V2nIVrrNC1iYk=
github.com/lib/pq v1.10.4/go.mod h1:AlVN5x4E4T544tWzH6hKfbfQvm3HdbOxrmggDNAPY9o=
