github.com/go-sql-driver/mysql v1.7.1 h1:lUIinVbN1DY0xBg0eMOzmmtGoHwWBbvnWubQUrtU8EI=
github.com/go-sql-driver/mysql v1.7.1/go.mod h1:OXbVy3sEdcQ2Doequ6Z5BW6fXNQTmx+9S1MCJN5yJMI=
github.com/koykov/bitset v1.0.0 h1:2mEbAhKelhpdWqnpa+mR3HRhdMsto5od7ACOi6MIAmk=
github.com/koykov/bitset v1.0.0/go.mod h1:DVR3bH49c1oOcNtD38h+aQq7lp1ZY91cXmjOldlTk8A=
github.com/koykov/bytealg v1.0.1/go.mod h1:kMvejxwPkAt7YfHpB1PQ/utMwKpHSY54u1rCxna6Wvg=
github.com/koykov/bytealg v1.0.2 h1:e9le4zkWnK9o1dsjlEtIPjC4JuHof+w0XsyOnYGLOvs=
github.com/koykov/bytealg v1.0.2/go.mod h1:3jLF2zTF1XO+E9dyodNDd3kWyhavUdVUXaIwqPkikB0=
github.com/koykov/byteseq v0.0.0-20230330194259-68973f3b765a h1:2q77e/w+8RE5VwIaR2KwcF4f+PqEemrgOiRA/xhM7S4=
github.com/koykov/byteseq v0.0.0-20230330194259-68973f3b765a/go.mod h1:JlIJ6P3/ocuGNRbTVyP0NVRS/ExofhOS8g7mtefjefw=
github.com/koykov/entry v1.0.1 h1:XurTLzqcbluBKMJqBB23HoKrkd1tdp5nH8RrbSE9Jl0=
github.com/koykov/entry v1.0.1/go.mod h1:WmCy/YM0sPb4ETL9wYY0OJwO89KJ7qeQPGOwLUG4rZU=
github.com/koykov/fastconv v1.0.0/go.mod h1:Y7I12pumAx+2iH1Yh0X85UpywP7IET/+M7S17toJBes=
github.com/koykov/fastconv v1.0.2 h1:csOWpctD9OcpkfI07LEtqtolc4TT8Y6QG3zQvkTmhrQ=
github.com/koykov/fastconv v1.0.2/go.mod h1:9jOx5KRGe4UKHxGiDw5Yrp/qrqn2cRwH3xvFjqqCE3c=
github.com/koykov/indirect v1.0.0 h1:3kog1xvVUEB2142K2/AZRhnOKN2N8KNahHHkE+KT7ec=
github.com/koykov/indirect v1.0.0/go.mod h1:2qWC0hrIHIexlKaqPA0VWEa0s2V/qxxNJv7XPncnh2I=
github.com/koykov/traceID v1.0.0/go.mod h1:gzI4gE8dx4Kbv1kuwlTqTRD4b3EMkwXN/9o16FtOgIU=
github.com/koykov/traceID v1.0.1 h1:DuiX/PBHZant5bblx3ND3Uut6qKIS8CN7QxQIOj+yNI=
github.com/koykov/traceID v1.0.1/go.mod h1:37uHbBnGlYbGGUAuXWSKvs8zZjGJHbEi4dQXEphye+k=
github.com/koykov/tracemod/zeromq v0.0.0-20221116202040-f7a1cfb8b564 h1:TxbmxMJjyrnu4rH1GrsqkRVYjaFIBbTGRk6Cfc5lQ7M=
github.com/koykov/tracemod/zeromq v0.0.0-20221116202040-f7a1cfb8b564/go.mod h1:LJJ/8tYL2QsAFRJsllPdQAciMX7z8VhQ7lE8bQwADTQ=
github.com/koykov/x2bytes v1.0.0/go.mod h1:rusmMXxjFlCnnTqtNIfTyOHykd5blbxonovNC94zONg=
github.com/koykov/x2bytes v1.0.1 h1:kfo9Pqmip+6s6zbQYgeNSgOA3UbyQNVmaCzkMrJdTME=
github.com/koykov/x2bytes v1.0.1/go.mod h1:5VHo/Vc0NsGBvzwg5wMrCNrI+fL+DbSUgFW4FVRzlzs=
github.com/lib/pq v1.10.9 h1:YXG7RB+JIjhP29X+OtkiDnYaXQwpS4JEWq7dtCCRUEw=
github.com/lib/pq v1.10.9/go.mod h1:AlVN5x4E4T544tWzH6hKfbfQvm3HdbOxrmggDNAPY9o=
github.com/pebbe/zmq4 v1.2.9 h1:JlHcdgq6zpppNR1tH0wXJq0XK03pRUc4lBlHTD7aj/4=
github.com/pebbe/zmq4 v1.2.9/go.mod h1:nqnPueOapVhE2wItZ0uOErngczsJdLOGkebMxaO8r48=
